
Microsoft Visual Studio Solution File, Format Version 12.00
# Visual Studio Version 17
VisualStudioVersion = 17.11.35222.181
MinimumVisualStudioVersion = 10.0.40219.1
Project("{FAE04EC0-301F-11D3-BF4B-00C04F79EFBC}") = "ProductApp", "ProductApp.csproj", "{EDAEE009-B8DB-4E18-B2FC-610AE1FC1336}"
EndProject
Global
	GlobalSection(SolutionConfigurationPlatforms) = preSolution
		Debug|Any CPU = Debug|Any CPU
		Release|Any CPU = Release|Any CPU
	EndGlobalSection
	GlobalSection(ProjectConfigurationPlatforms) = postSolution
		{EDAEE009-B8DB-4E18-B2FC-610AE1FC1336}.Debug|Any CPU.ActiveCfg = Debug|Any CPU
		{EDAEE009-B8DB-4E18-B2FC-610AE1FC1336}.Debug|Any CPU.Build.0 = Debug|Any CPU
		{EDAEE009-B8DB-4E18-B2FC-610AE1FC1336}.Release|Any CPU.ActiveCfg = Release|Any CPU
		{EDAEE009-B8DB-4E18-B2FC-610AE1FC1336}.Release|Any CPU.Build.0 = Release|Any CPU
	EndGlobalSection
	GlobalSection(SolutionProperties) = preSolution
		HideSolutionNode = FALSE
	EndGlobalSection
	GlobalSection(ExtensibilityGlobals) = postSolution
		SolutionGuid = {06373DA6-71F6-4868-AA72-4EFEECBDB623}
	EndGlobalSection
EndGlobal
